// !$*UTF8*$!
{
	archiveVersion = 1;
	classes = {
	};
	objectVersion = 56;
	objects = {

/* Begin PBXBuildFile section */
		8D0B64382BD2E97000EE2669 /* Inject in Frameworks */ = {isa = PBXBuildFile; productRef = 8D0B64372BD2E97000EE2669 /* Inject */; };
		8D1D7BD42B858DDD0009E562 /* Navigation.swift in Sources */ = {isa = PBXBuildFile; fileRef = 8D1D7BD32B858DDD0009E562 /* Navigation.swift */; };
		8D1D7BDA2B86CAEE0009E562 /* MainView.swift in Sources */ = {isa = PBXBuildFile; fileRef = 8D1D7BD92B86CAEE0009E562 /* MainView.swift */; };
		8D1D7BDC2B86CAFF0009E562 /* CreateRouteView.swift in Sources */ = {isa = PBXBuildFile; fileRef = 8D1D7BDB2B86CAFF0009E562 /* CreateRouteView.swift */; };
		8D1D7BE02B86CC100009E562 /* Route.swift in Sources */ = {isa = PBXBuildFile; fileRef = 8D1D7BDF2B86CC100009E562 /* Route.swift */; };
		8D1D7BE22B86CC480009E562 /* Address.swift in Sources */ = {isa = PBXBuildFile; fileRef = 8D1D7BE12B86CC480009E562 /* Address.swift */; };
		8D1D7BE62B86CE3D0009E562 /* RouteDetailView.swift in Sources */ = {isa = PBXBuildFile; fileRef = 8D1D7BE52B86CE3D0009E562 /* RouteDetailView.swift */; };
		8D80E9E32B44CBBC0074B42D /* RoutesApp.swift in Sources */ = {isa = PBXBuildFile; fileRef = 8D80E9E22B44CBBC0074B42D /* RoutesApp.swift */; };
		8D80E9E52B44CBBC0074B42D /* ContentView.swift in Sources */ = {isa = PBXBuildFile; fileRef = 8D80E9E42B44CBBC0074B42D /* ContentView.swift */; };
		8D80E9E72B44CBBD0074B42D /* Assets.xcassets in Resources */ = {isa = PBXBuildFile; fileRef = 8D80E9E62B44CBBD0074B42D /* Assets.xcassets */; };
		8D80E9EA2B44CBBD0074B42D /* Preview Assets.xcassets in Resources */ = {isa = PBXBuildFile; fileRef = 8D80E9E92B44CBBD0074B42D /* Preview Assets.xcassets */; };
		8D80E9F12B44E0860074B42D /* Schema.swift in Sources */ = {isa = PBXBuildFile; fileRef = 8D80E9F02B44E0860074B42D /* Schema.swift */; };
		8D80E9F62B489C900074B42D /* CapsuleLineSegment.swift in Sources */ = {isa = PBXBuildFile; fileRef = 8D80E9F52B489C900074B42D /* CapsuleLineSegment.swift */; };
		8DEF485C2B8473430098A7CD /* LocationService.swift in Sources */ = {isa = PBXBuildFile; fileRef = 8DEF485B2B8473430098A7CD /* LocationService.swift */; };
/* End PBXBuildFile section */

/* Begin PBXFileReference section */
		8D0B64342BD2E8C300EE2669 /* iOSInjection.bundle */ = {isa = PBXFileReference; lastKnownFileType = "wrapper.plug-in"; name = iOSInjection.bundle; path = ../../../../../Applications/InjectionIII.app/Contents/Resources/iOSInjection.bundle; sourceTree = "<group>"; };
		8D1D7BD32B858DDD0009E562 /* Navigation.swift */ = {isa = PBXFileReference; lastKnownFileType = sourcecode.swift; path = Navigation.swift; sourceTree = "<group>"; };
		8D1D7BD92B86CAEE0009E562 /* MainView.swift */ = {isa = PBXFileReference; lastKnownFileType = sourcecode.swift; path = MainView.swift; sourceTree = "<group>"; };
		8D1D7BDB2B86CAFF0009E562 /* CreateRouteView.swift */ = {isa = PBXFileReference; lastKnownFileType = sourcecode.swift; path = CreateRouteView.swift; sourceTree = "<group>"; };
		8D1D7BDF2B86CC100009E562 /* Route.swift */ = {isa = PBXFileReference; lastKnownFileType = sourcecode.swift; path = Route.swift; sourceTree = "<group>"; };
		8D1D7BE12B86CC480009E562 /* Address.swift */ = {isa = PBXFileReference; lastKnownFileType = sourcecode.swift; path = Address.swift; sourceTree = "<group>"; };
		8D1D7BE52B86CE3D0009E562 /* RouteDetailView.swift */ = {isa = PBXFileReference; lastKnownFileType = sourcecode.swift; path = RouteDetailView.swift; sourceTree = "<group>"; };
		8D80E9DF2B44CBBC0074B42D /* Routes.app */ = {isa = PBXFileReference; explicitFileType = wrapper.application; includeInIndex = 0; path = Routes.app; sourceTree = BUILT_PRODUCTS_DIR; };
		8D80E9E22B44CBBC0074B42D /* RoutesApp.swift */ = {isa = PBXFileReference; lastKnownFileType = sourcecode.swift; path = RoutesApp.swift; sourceTree = "<group>"; };
		8D80E9E42B44CBBC0074B42D /* ContentView.swift */ = {isa = PBXFileReference; lastKnownFileType = sourcecode.swift; path = ContentView.swift; sourceTree = "<group>"; };
		8D80E9E62B44CBBD0074B42D /* Assets.xcassets */ = {isa = PBXFileReference; lastKnownFileType = folder.assetcatalog; path = Assets.xcassets; sourceTree = "<group>"; };
		8D80E9E92B44CBBD0074B42D /* Preview Assets.xcassets */ = {isa = PBXFileReference; lastKnownFileType = folder.assetcatalog; path = "Preview Assets.xcassets"; sourceTree = "<group>"; };
		8D80E9F02B44E0860074B42D /* Schema.swift */ = {isa = PBXFileReference; lastKnownFileType = sourcecode.swift; path = Schema.swift; sourceTree = "<group>"; };
		8D80E9F52B489C900074B42D /* CapsuleLineSegment.swift */ = {isa = PBXFileReference; lastKnownFileType = sourcecode.swift; path = CapsuleLineSegment.swift; sourceTree = "<group>"; };
		8D9D9C452BB1F10C00C1EC1B /* Info.plist */ = {isa = PBXFileReference; lastKnownFileType = text.plist; path = Info.plist; sourceTree = "<group>"; };
		8DEF485B2B8473430098A7CD /* LocationService.swift */ = {isa = PBXFileReference; lastKnownFileType = sourcecode.swift; path = LocationService.swift; sourceTree = "<group>"; };
/* End PBXFileReference section */

/* Begin PBXFrameworksBuildPhase section */
		8D80E9DC2B44CBBC0074B42D /* Frameworks */ = {
			isa = PBXFrameworksBuildPhase;
			buildActionMask = 2147483647;
			files = (
				8D0B64382BD2E97000EE2669 /* Inject in Frameworks */,
			);
			runOnlyForDeploymentPostprocessing = 0;
		};
/* End PBXFrameworksBuildPhase section */

/* Begin PBXGroup section */
		8D0B64332BD2E8C200EE2669 /* Frameworks */ = {
			isa = PBXGroup;
			children = (
				8D0B64342BD2E8C300EE2669 /* iOSInjection.bundle */,
			);
			name = Frameworks;
			sourceTree = "<group>";
		};
		8D1D7BDD2B86CB180009E562 /* Pages */ = {
			isa = PBXGroup;
			children = (
				8D1D7BD92B86CAEE0009E562 /* MainView.swift */,
				8D1D7BDB2B86CAFF0009E562 /* CreateRouteView.swift */,
				8D1D7BE52B86CE3D0009E562 /* RouteDetailView.swift */,
			);
			path = Pages;
			sourceTree = "<group>";
		};
		8D1D7BDE2B86CC070009E562 /* Models */ = {
			isa = PBXGroup;
			children = (
				8D1D7BDF2B86CC100009E562 /* Route.swift */,
				8D1D7BE12B86CC480009E562 /* Address.swift */,
			);
			path = Models;
			sourceTree = "<group>";
		};
		8D80E9D62B44CBBC0074B42D = {
			isa = PBXGroup;
			children = (
				8D80E9E12B44CBBC0074B42D /* Routes */,
				8D80E9E02B44CBBC0074B42D /* Products */,
				8D0B64332BD2E8C200EE2669 /* Frameworks */,
			);
			sourceTree = "<group>";
		};
		8D80E9E02B44CBBC0074B42D /* Products */ = {
			isa = PBXGroup;
			children = (
				8D80E9DF2B44CBBC0074B42D /* Routes.app */,
			);
			name = Products;
			sourceTree = "<group>";
		};
		8D80E9E12B44CBBC0074B42D /* Routes */ = {
			isa = PBXGroup;
			children = (
				8D9D9C452BB1F10C00C1EC1B /* Info.plist */,
				8D1D7BDE2B86CC070009E562 /* Models */,
				8D80E9E22B44CBBC0074B42D /* RoutesApp.swift */,
				8D80E9E42B44CBBC0074B42D /* ContentView.swift */,
				8D1D7BDD2B86CB180009E562 /* Pages */,
				8DEF485B2B8473430098A7CD /* LocationService.swift */,
				8D1D7BD32B858DDD0009E562 /* Navigation.swift */,
				8D80E9E62B44CBBD0074B42D /* Assets.xcassets */,
				8D80E9E82B44CBBD0074B42D /* Preview Content */,
				8D80E9F02B44E0860074B42D /* Schema.swift */,
				8D80E9F52B489C900074B42D /* CapsuleLineSegment.swift */,
			);
			path = Routes;
			sourceTree = "<group>";
		};
		8D80E9E82B44CBBD0074B42D /* Preview Content */ = {
			isa = PBXGroup;
			children = (
				8D80E9E92B44CBBD0074B42D /* Preview Assets.xcassets */,
			);
			path = "Preview Content";
			sourceTree = "<group>";
		};
/* End PBXGroup section */

/* Begin PBXNativeTarget section */
		8D80E9DE2B44CBBC0074B42D /* Routes */ = {
			isa = PBXNativeTarget;
			buildConfigurationList = 8D80E9ED2B44CBBD0074B42D /* Build configuration list for PBXNativeTarget "Routes" */;
			buildPhases = (
				8D80E9DB2B44CBBC0074B42D /* Sources */,
				8D80E9DC2B44CBBC0074B42D /* Frameworks */,
				8D80E9DD2B44CBBC0074B42D /* Resources */,
			);
			buildRules = (
			);
			dependencies = (
			);
			name = Routes;
			packageProductDependencies = (
				8D0B64372BD2E97000EE2669 /* Inject */,
			);
			productName = Routes;
			productReference = 8D80E9DF2B44CBBC0074B42D /* Routes.app */;
			productType = "com.apple.product-type.application";
		};
/* End PBXNativeTarget section */

/* Begin PBXProject section */
		8D80E9D72B44CBBC0074B42D /* Project object */ = {
			isa = PBXProject;
			attributes = {
				BuildIndependentTargetsInParallel = 1;
				LastSwiftUpdateCheck = 1510;
				LastUpgradeCheck = 1510;
				TargetAttributes = {
					8D80E9DE2B44CBBC0074B42D = {
						CreatedOnToolsVersion = 15.1;
					};
				};
			};
			buildConfigurationList = 8D80E9DA2B44CBBC0074B42D /* Build configuration list for PBXProject "Routes" */;
			compatibilityVersion = "Xcode 14.0";
			developmentRegion = en;
			hasScannedForEncodings = 0;
			knownRegions = (
				en,
				Base,
			);
			mainGroup = 8D80E9D62B44CBBC0074B42D;
			packageReferences = (
				8D80E9F22B4607280074B42D /* XCRemoteSwiftPackageReference "Inject" */,
			);
			productRefGroup = 8D80E9E02B44CBBC0074B42D /* Products */;
			projectDirPath = "";
			projectRoot = "";
			targets = (
				8D80E9DE2B44CBBC0074B42D /* Routes */,
			);
		};
/* End PBXProject section */

/* Begin PBXResourcesBuildPhase section */
		8D80E9DD2B44CBBC0074B42D /* Resources */ = {
			isa = PBXResourcesBuildPhase;
			buildActionMask = 2147483647;
			files = (
				8D80E9EA2B44CBBD0074B42D /* Preview Assets.xcassets in Resources */,
				8D80E9E72B44CBBD0074B42D /* Assets.xcassets in Resources */,
			);
			runOnlyForDeploymentPostprocessing = 0;
		};
/* End PBXResourcesBuildPhase section */

/* Begin PBXSourcesBuildPhase section */
		8D80E9DB2B44CBBC0074B42D /* Sources */ = {
			isa = PBXSourcesBuildPhase;
			buildActionMask = 2147483647;
			files = (
				8D1D7BE02B86CC100009E562 /* Route.swift in Sources */,
				8D1D7BDC2B86CAFF0009E562 /* CreateRouteView.swift in Sources */,
				8D80E9F62B489C900074B42D /* CapsuleLineSegment.swift in Sources */,
				8D1D7BE62B86CE3D0009E562 /* RouteDetailView.swift in Sources */,
				8D80E9F12B44E0860074B42D /* Schema.swift in Sources */,
				8D1D7BE22B86CC480009E562 /* Address.swift in Sources */,
				8DEF485C2B8473430098A7CD /* LocationService.swift in Sources */,
				8D1D7BD42B858DDD0009E562 /* Navigation.swift in Sources */,
				8D80E9E52B44CBBC0074B42D /* ContentView.swift in Sources */,
				8D1D7BDA2B86CAEE0009E562 /* MainView.swift in Sources */,
				8D80E9E32B44CBBC0074B42D /* RoutesApp.swift in Sources */,
			);
			runOnlyForDeploymentPostprocessing = 0;
		};
/* End PBXSourcesBuildPhase section */

/* Begin XCBuildConfiguration section */
		8D80E9EB2B44CBBD0074B42D /* Debug */ = {
			isa = XCBuildConfiguration;
			buildSettings = {
				ALWAYS_SEARCH_USER_PATHS = NO;
				ASSETCATALOG_COMPILER_GENERATE_SWIFT_ASSET_SYMBOL_EXTENSIONS = YES;
				CLANG_ANALYZER_NONNULL = YES;
				CLANG_ANALYZER_NUMBER_OBJECT_CONVERSION = YES_AGGRESSIVE;
				CLANG_CXX_LANGUAGE_STANDARD = "gnu++20";
				CLANG_ENABLE_MODULES = YES;
				CLANG_ENABLE_OBJC_ARC = YES;
				CLANG_ENABLE_OBJC_WEAK = YES;
				CLANG_WARN_BLOCK_CAPTURE_AUTORELEASING = YES;
				CLANG_WARN_BOOL_CONVERSION = YES;
				CLANG_WARN_COMMA = YES;
				CLANG_WARN_CONSTANT_CONVERSION = YES;
				CLANG_WARN_DEPRECATED_OBJC_IMPLEMENTATIONS = YES;
				CLANG_WARN_DIRECT_OBJC_ISA_USAGE = YES_ERROR;
				CLANG_WARN_DOCUMENTATION_COMMENTS = YES;
				CLANG_WARN_EMPTY_BODY = YES;
				CLANG_WARN_ENUM_CONVERSION = YES;
				CLANG_WARN_INFINITE_RECURSION = YES;
				CLANG_WARN_INT_CONVERSION = YES;
				CLANG_WARN_NON_LITERAL_NULL_CONVERSION = YES;
				CLANG_WARN_OBJC_IMPLICIT_RETAIN_SELF = YES;
				CLANG_WARN_OBJC_LITERAL_CONVERSION = YES;
				CLANG_WARN_OBJC_ROOT_CLASS = YES_ERROR;
				CLANG_WARN_QUOTED_INCLUDE_IN_FRAMEWORK_HEADER = YES;
				CLANG_WARN_RANGE_LOOP_ANALYSIS = YES;
				CLANG_WARN_STRICT_PROTOTYPES = YES;
				CLANG_WARN_SUSPICIOUS_MOVE = YES;
				CLANG_WARN_UNGUARDED_AVAILABILITY = YES_AGGRESSIVE;
				CLANG_WARN_UNREACHABLE_CODE = YES;
				CLANG_WARN__DUPLICATE_METHOD_MATCH = YES;
				COPY_PHASE_STRIP = NO;
				DEBUG_INFORMATION_FORMAT = dwarf;
				ENABLE_STRICT_OBJC_MSGSEND = YES;
				ENABLE_TESTABILITY = YES;
				ENABLE_USER_SCRIPT_SANDBOXING = YES;
				GCC_C_LANGUAGE_STANDARD = gnu17;
				GCC_DYNAMIC_NO_PIC = NO;
				GCC_NO_COMMON_BLOCKS = YES;
				GCC_OPTIMIZATION_LEVEL = 0;
				GCC_PREPROCESSOR_DEFINITIONS = (
					"DEBUG=1",
					"$(inherited)",
				);
				GCC_WARN_64_TO_32_BIT_CONVERSION = YES;
				GCC_WARN_ABOUT_RETURN_TYPE = YES_ERROR;
				GCC_WARN_UNDECLARED_SELECTOR = YES;
				GCC_WARN_UNINITIALIZED_AUTOS = YES_AGGRESSIVE;
				GCC_WARN_UNUSED_FUNCTION = YES;
				GCC_WARN_UNUSED_VARIABLE = YES;
				IPHONEOS_DEPLOYMENT_TARGET = 17.2;
				LOCALIZATION_PREFERS_STRING_CATALOGS = YES;
				MTL_ENABLE_DEBUG_INFO = INCLUDE_SOURCE;
				MTL_FAST_MATH = YES;
				ONLY_ACTIVE_ARCH = YES;
				SDKROOT = iphoneos;
				SWIFT_ACTIVE_COMPILATION_CONDITIONS = "DEBUG $(inherited)";
				SWIFT_OPTIMIZATION_LEVEL = "-Onone";
			};
			name = Debug;
		};
		8D80E9EC2B44CBBD0074B42D /* Release */ = {
			isa = XCBuildConfiguration;
			buildSettings = {
				ALWAYS_SEARCH_USER_PATHS = NO;
				ASSETCATALOG_COMPILER_GENERATE_SWIFT_ASSET_SYMBOL_EXTENSIONS = YES;
				CLANG_ANALYZER_NONNULL = YES;
				CLANG_ANALYZER_NUMBER_OBJECT_CONVERSION = YES_AGGRESSIVE;
				CLANG_CXX_LANGUAGE_STANDARD = "gnu++20";
				CLANG_ENABLE_MODULES = YES;
				CLANG_ENABLE_OBJC_ARC = YES;
				CLANG_ENABLE_OBJC_WEAK = YES;
				CLANG_WARN_BLOCK_CAPTURE_AUTORELEASING = YES;
				CLANG_WARN_BOOL_CONVERSION = YES;
				CLANG_WARN_COMMA = YES;
				CLANG_WARN_CONSTANT_CONVERSION = YES;
				CLANG_WARN_DEPRECATED_OBJC_IMPLEMENTATIONS = YES;
				CLANG_WARN_DIRECT_OBJC_ISA_USAGE = YES_ERROR;
				CLANG_WARN_DOCUMENTATION_COMMENTS = YES;
				CLANG_WARN_EMPTY_BODY = YES;
				CLANG_WARN_ENUM_CONVERSION = YES;
				CLANG_WARN_INFINITE_RECURSION = YES;
				CLANG_WARN_INT_CONVERSION = YES;
				CLANG_WARN_NON_LITERAL_NULL_CONVERSION = YES;
				CLANG_WARN_OBJC_IMPLICIT_RETAIN_SELF = YES;
				CLANG_WARN_OBJC_LITERAL_CONVERSION = YES;
				CLANG_WARN_OBJC_ROOT_CLASS = YES_ERROR;
				CLANG_WARN_QUOTED_INCLUDE_IN_FRAMEWORK_HEADER = YES;
				CLANG_WARN_RANGE_LOOP_ANALYSIS = YES;
				CLANG_WARN_STRICT_PROTOTYPES = YES;
				CLANG_WARN_SUSPICIOUS_MOVE = YES;
				CLANG_WARN_UNGUARDED_AVAILABILITY = YES_AGGRESSIVE;
				CLANG_WARN_UNREACHABLE_CODE = YES;
				CLANG_WARN__DUPLICATE_METHOD_MATCH = YES;
				COPY_PHASE_STRIP = NO;
				DEBUG_INFORMATION_FORMAT = "dwarf-with-dsym";
				ENABLE_NS_ASSERTIONS = NO;
				ENABLE_STRICT_OBJC_MSGSEND = YES;
				ENABLE_USER_SCRIPT_SANDBOXING = YES;
				GCC_C_LANGUAGE_STANDARD = gnu17;
				GCC_NO_COMMON_BLOCKS = YES;
				GCC_WARN_64_TO_32_BIT_CONVERSION = YES;
				GCC_WARN_ABOUT_RETURN_TYPE = YES_ERROR;
				GCC_WARN_UNDECLARED_SELECTOR = YES;
				GCC_WARN_UNINITIALIZED_AUTOS = YES_AGGRESSIVE;
				GCC_WARN_UNUSED_FUNCTION = YES;
				GCC_WARN_UNUSED_VARIABLE = YES;
				IPHONEOS_DEPLOYMENT_TARGET = 17.2;
				LOCALIZATION_PREFERS_STRING_CATALOGS = YES;
				MTL_ENABLE_DEBUG_INFO = NO;
				MTL_FAST_MATH = YES;
				SDKROOT = iphoneos;
				SWIFT_COMPILATION_MODE = wholemodule;
				VALIDATE_PRODUCT = YES;
			};
			name = Release;
		};
		8D80E9EE2B44CBBD0074B42D /* Debug */ = {
			isa = XCBuildConfiguration;
			buildSettings = {
				ASSETCATALOG_COMPILER_APPICON_NAME = AppIcon;
				ASSETCATALOG_COMPILER_GLOBAL_ACCENT_COLOR_NAME = AccentColor;
				CODE_SIGN_STYLE = Automatic;
				CURRENT_PROJECT_VERSION = 1;
				DEVELOPMENT_ASSET_PATHS = "\"Routes/Preview Content\"";
				DEVELOPMENT_TEAM = 98TJZNAZQK;
				ENABLE_PREVIEWS = YES;
				GENERATE_INFOPLIST_FILE = YES;
				INFOPLIST_FILE = Routes/Info.plist;
				INFOPLIST_KEY_UIApplicationSceneManifest_Generation = YES;
				INFOPLIST_KEY_UIApplicationSupportsIndirectInputEvents = YES;
				INFOPLIST_KEY_UILaunchScreen_Generation = YES;
				INFOPLIST_KEY_UISupportedInterfaceOrientations_iPad = "UIInterfaceOrientationPortrait UIInterfaceOrientationPortraitUpsideDown UIInterfaceOrientationLandscapeLeft UIInterfaceOrientationLandscapeRight";
				INFOPLIST_KEY_UISupportedInterfaceOrientations_iPhone = "UIInterfaceOrientationPortrait UIInterfaceOrientationLandscapeLeft UIInterfaceOrientationLandscapeRight";
				IPHONEOS_DEPLOYMENT_TARGET = 17.0;
				LD_RUNPATH_SEARCH_PATHS = (
					"$(inherited)",
					"@executable_path/Frameworks",
				);
				MARKETING_VERSION = 1.0;
				"OTHER_LDFLAGS[arch=*]" = (
					"-Xlinker",
					"-interposable",
				);
				PRODUCT_BUNDLE_IDENTIFIER = com.blakehaug.Routes;
				PRODUCT_NAME = "$(TARGET_NAME)";
				SWIFT_EMIT_LOC_STRINGS = YES;
				SWIFT_VERSION = 5.0;
				TARGETED_DEVICE_FAMILY = "1,2";
			};
			name = Debug;
		};
		8D80E9EF2B44CBBD0074B42D /* Release */ = {
			isa = XCBuildConfiguration;
			buildSettings = {
				ASSETCATALOG_COMPILER_APPICON_NAME = AppIcon;
				ASSETCATALOG_COMPILER_GLOBAL_ACCENT_COLOR_NAME = AccentColor;
				CODE_SIGN_STYLE = Automatic;
				CURRENT_PROJECT_VERSION = 1;
				DEVELOPMENT_ASSET_PATHS = "\"Routes/Preview Content\"";
				DEVELOPMENT_TEAM = 98TJZNAZQK;
				ENABLE_PREVIEWS = YES;
				GENERATE_INFOPLIST_FILE = YES;
				INFOPLIST_FILE = Routes/Info.plist;
				INFOPLIST_KEY_UIApplicationSceneManifest_Generation = YES;
				INFOPLIST_KEY_UIApplicationSupportsIndirectInputEvents = YES;
				INFOPLIST_KEY_UILaunchScreen_Generation = YES;
				INFOPLIST_KEY_UISupportedInterfaceOrientations_iPad = "UIInterfaceOrientationPortrait UIInterfaceOrientationPortraitUpsideDown UIInterfaceOrientationLandscapeLeft UIInterfaceOrientationLandscapeRight";
				INFOPLIST_KEY_UISupportedInterfaceOrientations_iPhone = "UIInterfaceOrientationPortrait UIInterfaceOrientationLandscapeLeft UIInterfaceOrientationLandscapeRight";
				IPHONEOS_DEPLOYMENT_TARGET = 17.0;
				LD_RUNPATH_SEARCH_PATHS = (
					"$(inherited)",
					"@executable_path/Frameworks",
				);
				MARKETING_VERSION = 1.0;
				PRODUCT_BUNDLE_IDENTIFIER = com.blakehaug.Routes;
				PRODUCT_NAME = "$(TARGET_NAME)";
				SWIFT_EMIT_LOC_STRINGS = YES;
				SWIFT_VERSION = 5.0;
				TARGETED_DEVICE_FAMILY = "1,2";
			};
			name = Release;
		};
/* End XCBuildConfiguration section */

/* Begin XCConfigurationList section */
		8D80E9DA2B44CBBC0074B42D /* Build configuration list for PBXProject "Routes" */ = {
			isa = XCConfigurationList;
			buildConfigurations = (
				8D80E9EB2B44CBBD0074B42D /* Debug */,
				8D80E9EC2B44CBBD0074B42D /* Release */,
			);
			defaultConfigurationIsVisible = 0;
			defaultConfigurationName = Release;
		};
		8D80E9ED2B44CBBD0074B42D /* Build configuration list for PBXNativeTarget "Routes" */ = {
			isa = XCConfigurationList;
			buildConfigurations = (
				8D80E9EE2B44CBBD0074B42D /* Debug */,
				8D80E9EF2B44CBBD0074B42D /* Release */,
			);
			defaultConfigurationIsVisible = 0;
			defaultConfigurationName = Release;
		};
/* End XCConfigurationList section */

/* Begin XCRemoteSwiftPackageReference section */
		8D80E9F22B4607280074B42D /* XCRemoteSwiftPackageReference "Inject" */ = {
			isa = XCRemoteSwiftPackageReference;
			repositoryURL = "https://github.com/krzysztofzablocki/Inject.git";
			requirement = {
				kind = upToNextMajorVersion;
				minimumVersion = 1.2.4;
			};
		};
/* End XCRemoteSwiftPackageReference section */

/* Begin XCSwiftPackageProductDependency section */
		8D0B64372BD2E97000EE2669 /* Inject */ = {
			isa = XCSwiftPackageProductDependency;
			package = 8D80E9F22B4607280074B42D /* XCRemoteSwiftPackageReference "Inject" */;
			productName = Inject;
		};
/* End XCSwiftPackageProductDependency section */
	};
	rootObject = 8D80E9D72B44CBBC0074B42D /* Project object */;
}
